
Microsoft Visual Studio Solution File, Format Version 12.00
# Visual Studio 15
VisualStudioVersion = 15.0.28010.2036
MinimumVisualStudioVersion = 10.0.40219.1
Project("{FAE04EC0-301F-11D3-BF4B-00C04F79EFBC}") = "coursework", "coursework\coursework.csproj", "{F49684B2-6C73-4E5E-823F-1F047529EB5D}"
EndProject
Global
	GlobalSection(SolutionConfigurationPlatforms) = preSolution
		Debug|Any CPU = Debug|Any CPU
		Release|Any CPU = Release|Any CPU
	EndGlobalSection
	GlobalSection(ProjectConfigurationPlatforms) = postSolution
		{F49684B2-6C73-4E5E-823F-1F047529EB5D}.Debug|Any CPU.ActiveCfg = Debug|Any CPU
		{F49684B2-6C73-4E5E-823F-1F047529EB5D}.Debug|Any CPU.Build.0 = Debug|Any CPU
		{F49684B2-6C73-4E5E-823F-1F047529EB5D}.Release|Any CPU.ActiveCfg = Release|Any CPU
		{F49684B2-6C73-4E5E-823F-1F047529EB5D}.Release|Any CPU.Build.0 = Release|Any CPU
	EndGlobalSection
	GlobalSection(SolutionProperties) = preSolution
		HideSolutionNode = FALSE
	EndGlobalSection
	GlobalSection(ExtensibilityGlobals) = postSolution
		SolutionGuid = {B0C9506D-1D9A-4D9D-99FE-873945C65A12}
	EndGlobalSection
EndGlobal
