
Microsoft Visual Studio Solution File, Format Version 12.00
# Visual Studio 15
VisualStudioVersion = 15.0.28010.2036
MinimumVisualStudioVersion = 10.0.40219.1
Project("{FAE04EC0-301F-11D3-BF4B-00C04F79EFBC}") = "Compiler", "Coursework\Compiler.csproj", "{E9166FB4-BF88-403C-BCBC-9507A9BFD23A}"
EndProject
Global
	GlobalSection(SolutionConfigurationPlatforms) = preSolution
		Debug|Any CPU = Debug|Any CPU
		Release|Any CPU = Release|Any CPU
	EndGlobalSection
	GlobalSection(ProjectConfigurationPlatforms) = postSolution
		{E9166FB4-BF88-403C-BCBC-9507A9BFD23A}.Debug|Any CPU.ActiveCfg = Debug|Any CPU
		{E9166FB4-BF88-403C-BCBC-9507A9BFD23A}.Debug|Any CPU.Build.0 = Debug|Any CPU
		{E9166FB4-BF88-403C-BCBC-9507A9BFD23A}.Release|Any CPU.ActiveCfg = Release|Any CPU
		{E9166FB4-BF88-403C-BCBC-9507A9BFD23A}.Release|Any CPU.Build.0 = Release|Any CPU
	EndGlobalSection
	GlobalSection(SolutionProperties) = preSolution
		HideSolutionNode = FALSE
	EndGlobalSection
	GlobalSection(ExtensibilityGlobals) = postSolution
		SolutionGuid = {9954740A-E147-4FBC-8577-B3383B7A984D}
	EndGlobalSection
EndGlobal
